
Microsoft Visual Studio Solution File, Format Version 12.00
# Visual Studio 15
VisualStudioVersion = 15.0.26403.7
MinimumVisualStudioVersion = 10.0.40219.1
Project("{FAE04EC0-301F-11D3-BF4B-00C04F79EFBC}") = "MvcRequestLifeCycle", "MvcRequestLifeCycle\MvcRequestLifeCycle.csproj", "{4CBD67C1-ED5C-4969-ACC3-1C1B0A6FD186}"
EndProject
Project("{FAE04EC0-301F-11D3-BF4B-00C04F79EFBC}") = "AssistForms", "AssistForms\AssistForms.csproj", "{F1EF7593-80F4-486B-AF28-48130DFDBE12}"
EndProject
Project("{FAE04EC0-301F-11D3-BF4B-00C04F79EFBC}") = "Modules", "Modules\Modules.csproj", "{F657DC8C-052E-42CD-9B64-66C7863DB956}"
EndProject
Global
	GlobalSection(SolutionConfigurationPlatforms) = preSolution
		Debug|Any CPU = Debug|Any CPU
		Release|Any CPU = Release|Any CPU
	EndGlobalSection
	GlobalSection(ProjectConfigurationPlatforms) = postSolution
		{4CBD67C1-ED5C-4969-ACC3-1C1B0A6FD186}.Debug|Any CPU.ActiveCfg = Debug|Any CPU
		{4CBD67C1-ED5C-4969-ACC3-1C1B0A6FD186}.Debug|Any CPU.Build.0 = Debug|Any CPU
		{4CBD67C1-ED5C-4969-ACC3-1C1B0A6FD186}.Release|Any CPU.ActiveCfg = Release|Any CPU
		{4CBD67C1-ED5C-4969-ACC3-1C1B0A6FD186}.Release|Any CPU.Build.0 = Release|Any CPU
		{F1EF7593-80F4-486B-AF28-48130DFDBE12}.Debug|Any CPU.ActiveCfg = Debug|Any CPU
		{F1EF7593-80F4-486B-AF28-48130DFDBE12}.Debug|Any CPU.Build.0 = Debug|Any CPU
		{F1EF7593-80F4-486B-AF28-48130DFDBE12}.Release|Any CPU.ActiveCfg = Release|Any CPU
		{F1EF7593-80F4-486B-AF28-48130DFDBE12}.Release|Any CPU.Build.0 = Release|Any CPU
		{F657DC8C-052E-42CD-9B64-66C7863DB956}.Debug|Any CPU.ActiveCfg = Debug|Any CPU
		{F657DC8C-052E-42CD-9B64-66C7863DB956}.Debug|Any CPU.Build.0 = Debug|Any CPU
		{F657DC8C-052E-42CD-9B64-66C7863DB956}.Release|Any CPU.ActiveCfg = Release|Any CPU
		{F657DC8C-052E-42CD-9B64-66C7863DB956}.Release|Any CPU.Build.0 = Release|Any CPU
	EndGlobalSection
	GlobalSection(SolutionProperties) = preSolution
		HideSolutionNode = FALSE
	EndGlobalSection
EndGlobal
